# This file is automatically @generated by Cargo.
# It is not intended for manual editing.
version = 3

[[package]]
name = "linux"
version = "0.1.0"
source = "git+https://github.com/shipsimfan/lib-linux#dd77885b4300058bbf465d8d5cf78b8e032dab9b"

[[package]]
name = "oak"
version = "0.1.0"
dependencies = [
 "time",
]

[[package]]
name = "time"
version = "0.0.0"
source = "git+https://github.com/shipsimfan/lib-time#f3ff0d1007a9a3e385a549e1c038e4c62ac06304"
dependencies = [
 "linux",
 "win32",
]

[[package]]
name = "win32"
version = "0.1.0"
source = "git+https://github.com/shipsimfan/lib-win32#422ec8c309d14cba4cbef13119931f5449e60d00"
